// !$*UTF8*$!
{
	archiveVersion = 1;
	classes = {
	};
	objectVersion = 56;
	objects = {

/* Begin PBXBuildFile section */
		0F325B0E299EE214004700EF /* ArchiveListView.swift in Sources */ = {isa = PBXBuildFile; fileRef = 0F325B0D299EE214004700EF /* ArchiveListView.swift */; };
		BF2B706F299BDAF3000E1F99 /* SegmentedPicker in Frameworks */ = {isa = PBXBuildFile; productRef = BF2B706E299BDAF3000E1F99 /* SegmentedPicker */; };
		BF49D203299BAF9C00D88FFC /* ProgressBar.swift in Sources */ = {isa = PBXBuildFile; fileRef = BF49D202299BAF9C00D88FFC /* ProgressBar.swift */; };
		BF854182299F0E7600AB1ED9 /* BeverageAddView.swift in Sources */ = {isa = PBXBuildFile; fileRef = BF854181299F0E7600AB1ED9 /* BeverageAddView.swift */; };
		BF854195299FBB7400AB1ED9 /* BeverageModel.swift in Sources */ = {isa = PBXBuildFile; fileRef = BF854194299FBB7400AB1ED9 /* BeverageModel.swift */; };
		BF85419A299FD55900AB1ED9 /* BeverageSettingView.swift in Sources */ = {isa = PBXBuildFile; fileRef = BF854199299FD55900AB1ED9 /* BeverageSettingView.swift */; };
		BFA53D79299A60A6007D943D /* DisableButtonStyle.swift in Sources */ = {isa = PBXBuildFile; fileRef = BFA53D78299A60A6007D943D /* DisableButtonStyle.swift */; };
		BFA53D7B299A640E007D943D /* ActiveButtonStyle.swift in Sources */ = {isa = PBXBuildFile; fileRef = BFA53D7A299A640E007D943D /* ActiveButtonStyle.swift */; };
		BFA53D7D299A6EC2007D943D /* CustomTextField.swift in Sources */ = {isa = PBXBuildFile; fileRef = BFA53D7C299A6EC2007D943D /* CustomTextField.swift */; };
		BFA53D7F299A8C31007D943D /* CustomCorner.swift in Sources */ = {isa = PBXBuildFile; fileRef = BFA53D7E299A8C31007D943D /* CustomCorner.swift */; };
		BFA53D81299A99AC007D943D /* ProfileViewModel.swift in Sources */ = {isa = PBXBuildFile; fileRef = BFA53D80299A99AC007D943D /* ProfileViewModel.swift */; };
		BFA53D83299A9AD9007D943D /* ImagePicker.swift in Sources */ = {isa = PBXBuildFile; fileRef = BFA53D82299A9AD9007D943D /* ImagePicker.swift */; };
		BFCED242299C40EB00E49EB6 /* BeverageCell.swift in Sources */ = {isa = PBXBuildFile; fileRef = BFCED241299C40EB00E49EB6 /* BeverageCell.swift */; };
		BFCED245299C445700E49EB6 /* SecondayButtonStyle.swift in Sources */ = {isa = PBXBuildFile; fileRef = BFCED244299C445700E49EB6 /* SecondayButtonStyle.swift */; };
		BFCED247299C55E400E49EB6 /* CoffeeModel.swift in Sources */ = {isa = PBXBuildFile; fileRef = BFCED246299C55E400E49EB6 /* CoffeeModel.swift */; };
		BFCED24A299D193800E49EB6 /* ArchiveViewModel.swift in Sources */ = {isa = PBXBuildFile; fileRef = BFCED249299D193800E49EB6 /* ArchiveViewModel.swift */; };
		BFCED24E299D289800E49EB6 /* Realm in Frameworks */ = {isa = PBXBuildFile; productRef = BFCED24D299D289800E49EB6 /* Realm */; };
		BFCED250299D289800E49EB6 /* RealmSwift in Frameworks */ = {isa = PBXBuildFile; productRef = BFCED24F299D289800E49EB6 /* RealmSwift */; };
		BFCED254299D2B1E00E49EB6 /* ArchiveListDetailView.swift in Sources */ = {isa = PBXBuildFile; fileRef = BFCED253299D2B1E00E49EB6 /* ArchiveListDetailView.swift */; };
		BFDB9EB6299EF80A00F2B957 /* BeverageAddViewModel.swift in Sources */ = {isa = PBXBuildFile; fileRef = BFDB9EB5299EF80A00F2B957 /* BeverageAddViewModel.swift */; };
		BFDB9EB8299EFBA100F2B957 /* HomeViewModel.swift in Sources */ = {isa = PBXBuildFile; fileRef = BFDB9EB7299EFBA100F2B957 /* HomeViewModel.swift */; };
		BFE96F7B29860376003E0934 /* DecaffeineApp.swift in Sources */ = {isa = PBXBuildFile; fileRef = BFE96F7A29860376003E0934 /* DecaffeineApp.swift */; };
		BFE96F7D29860376003E0934 /* ContentView.swift in Sources */ = {isa = PBXBuildFile; fileRef = BFE96F7C29860376003E0934 /* ContentView.swift */; };
		BFE96F7F29860377003E0934 /* Assets.xcassets in Resources */ = {isa = PBXBuildFile; fileRef = BFE96F7E29860377003E0934 /* Assets.xcassets */; };
		BFE96F8229860377003E0934 /* Preview Assets.xcassets in Resources */ = {isa = PBXBuildFile; fileRef = BFE96F8129860377003E0934 /* Preview Assets.xcassets */; };
		BFE96F8C29860377003E0934 /* DecaffeineTests.swift in Sources */ = {isa = PBXBuildFile; fileRef = BFE96F8B29860377003E0934 /* DecaffeineTests.swift */; };
		BFE96F9629860377003E0934 /* DecaffeineUITests.swift in Sources */ = {isa = PBXBuildFile; fileRef = BFE96F9529860377003E0934 /* DecaffeineUITests.swift */; };
		BFE96F9829860377003E0934 /* DecaffeineUITestsLaunchTests.swift in Sources */ = {isa = PBXBuildFile; fileRef = BFE96F9729860377003E0934 /* DecaffeineUITestsLaunchTests.swift */; };
		BFE96FA82986047F003E0934 /* HomeView.swift in Sources */ = {isa = PBXBuildFile; fileRef = BFE96FA72986047F003E0934 /* HomeView.swift */; };
		BFFF9A3F2999B102002D5ACC /* OnBoardingView.swift in Sources */ = {isa = PBXBuildFile; fileRef = BFFF9A3E2999B102002D5ACC /* OnBoardingView.swift */; };
		BFFF9A452999B127002D5ACC /* ArchiveView.swift in Sources */ = {isa = PBXBuildFile; fileRef = BFFF9A442999B126002D5ACC /* ArchiveView.swift */; };
		BFFF9A492999B144002D5ACC /* SettingView.swift in Sources */ = {isa = PBXBuildFile; fileRef = BFFF9A482999B144002D5ACC /* SettingView.swift */; };
		BFFF9A4B2999B14D002D5ACC /* AnnouncementView.swift in Sources */ = {isa = PBXBuildFile; fileRef = BFFF9A4A2999B14D002D5ACC /* AnnouncementView.swift */; };
		BFFF9A4D2999B18D002D5ACC /* OnBoardingProfileView.swift in Sources */ = {isa = PBXBuildFile; fileRef = BFFF9A4C2999B18D002D5ACC /* OnBoardingProfileView.swift */; };
		BFFF9A50299A462B002D5ACC /* Lottie in Frameworks */ = {isa = PBXBuildFile; productRef = BFFF9A4F299A462B002D5ACC /* Lottie */; };
		BFFF9A53299A4837002D5ACC /* coffee.json in Resources */ = {isa = PBXBuildFile; fileRef = BFFF9A52299A4837002D5ACC /* coffee.json */; };
		BFFF9A55299A48C9002D5ACC /* LottieView.swift in Sources */ = {isa = PBXBuildFile; fileRef = BFFF9A54299A48C9002D5ACC /* LottieView.swift */; };
		CECE0D6E299DBCAE00BDC0AB /* BeverageDetailCell.swift in Sources */ = {isa = PBXBuildFile; fileRef = CECE0D6D299DBCAE00BDC0AB /* BeverageDetailCell.swift */; };
/* End PBXBuildFile section */

/* Begin PBXContainerItemProxy section */
		BFE96F8829860377003E0934 /* PBXContainerItemProxy */ = {
			isa = PBXContainerItemProxy;
			containerPortal = BFE96F6F29860376003E0934 /* Project object */;
			proxyType = 1;
			remoteGlobalIDString = BFE96F7629860376003E0934;
			remoteInfo = Decaffeine;
		};
		BFE96F9229860377003E0934 /* PBXContainerItemProxy */ = {
			isa = PBXContainerItemProxy;
			containerPortal = BFE96F6F29860376003E0934 /* Project object */;
			proxyType = 1;
			remoteGlobalIDString = BFE96F7629860376003E0934;
			remoteInfo = Decaffeine;
		};
/* End PBXContainerItemProxy section */

/* Begin PBXFileReference section */
		0F325B0D299EE214004700EF /* ArchiveListView.swift */ = {isa = PBXFileReference; lastKnownFileType = sourcecode.swift; path = ArchiveListView.swift; sourceTree = "<group>"; };
		BF49D202299BAF9C00D88FFC /* ProgressBar.swift */ = {isa = PBXFileReference; lastKnownFileType = sourcecode.swift; path = ProgressBar.swift; sourceTree = "<group>"; };
		BF854181299F0E7600AB1ED9 /* BeverageAddView.swift */ = {isa = PBXFileReference; lastKnownFileType = sourcecode.swift; path = BeverageAddView.swift; sourceTree = "<group>"; };
		BF854194299FBB7400AB1ED9 /* BeverageModel.swift */ = {isa = PBXFileReference; lastKnownFileType = sourcecode.swift; path = BeverageModel.swift; sourceTree = "<group>"; };
		BF854199299FD55900AB1ED9 /* BeverageSettingView.swift */ = {isa = PBXFileReference; lastKnownFileType = sourcecode.swift; path = BeverageSettingView.swift; sourceTree = "<group>"; };
		BFA53D78299A60A6007D943D /* DisableButtonStyle.swift */ = {isa = PBXFileReference; lastKnownFileType = sourcecode.swift; path = DisableButtonStyle.swift; sourceTree = "<group>"; };
		BFA53D7A299A640E007D943D /* ActiveButtonStyle.swift */ = {isa = PBXFileReference; lastKnownFileType = sourcecode.swift; path = ActiveButtonStyle.swift; sourceTree = "<group>"; };
		BFA53D7C299A6EC2007D943D /* CustomTextField.swift */ = {isa = PBXFileReference; lastKnownFileType = sourcecode.swift; path = CustomTextField.swift; sourceTree = "<group>"; };
		BFA53D7E299A8C31007D943D /* CustomCorner.swift */ = {isa = PBXFileReference; lastKnownFileType = sourcecode.swift; path = CustomCorner.swift; sourceTree = "<group>"; };
		BFA53D80299A99AC007D943D /* ProfileViewModel.swift */ = {isa = PBXFileReference; lastKnownFileType = sourcecode.swift; path = ProfileViewModel.swift; sourceTree = "<group>"; };
		BFA53D82299A9AD9007D943D /* ImagePicker.swift */ = {isa = PBXFileReference; lastKnownFileType = sourcecode.swift; path = ImagePicker.swift; sourceTree = "<group>"; };
		BFCED241299C40EB00E49EB6 /* BeverageCell.swift */ = {isa = PBXFileReference; lastKnownFileType = sourcecode.swift; path = BeverageCell.swift; sourceTree = "<group>"; };
		BFCED244299C445700E49EB6 /* SecondayButtonStyle.swift */ = {isa = PBXFileReference; lastKnownFileType = sourcecode.swift; path = SecondayButtonStyle.swift; sourceTree = "<group>"; };
		BFCED246299C55E400E49EB6 /* CoffeeModel.swift */ = {isa = PBXFileReference; lastKnownFileType = sourcecode.swift; path = CoffeeModel.swift; sourceTree = "<group>"; };
		BFCED249299D193800E49EB6 /* ArchiveViewModel.swift */ = {isa = PBXFileReference; lastKnownFileType = sourcecode.swift; path = ArchiveViewModel.swift; sourceTree = "<group>"; };
		BFCED253299D2B1E00E49EB6 /* ArchiveListDetailView.swift */ = {isa = PBXFileReference; lastKnownFileType = sourcecode.swift; path = ArchiveListDetailView.swift; sourceTree = "<group>"; };
		BFDB9EB5299EF80A00F2B957 /* BeverageAddViewModel.swift */ = {isa = PBXFileReference; lastKnownFileType = sourcecode.swift; path = BeverageAddViewModel.swift; sourceTree = "<group>"; };
		BFDB9EB7299EFBA100F2B957 /* HomeViewModel.swift */ = {isa = PBXFileReference; lastKnownFileType = sourcecode.swift; path = HomeViewModel.swift; sourceTree = "<group>"; };
		BFE96F7729860376003E0934 /* Decaffeine.app */ = {isa = PBXFileReference; explicitFileType = wrapper.application; includeInIndex = 0; path = Decaffeine.app; sourceTree = BUILT_PRODUCTS_DIR; };
		BFE96F7A29860376003E0934 /* DecaffeineApp.swift */ = {isa = PBXFileReference; lastKnownFileType = sourcecode.swift; path = DecaffeineApp.swift; sourceTree = "<group>"; };
		BFE96F7C29860376003E0934 /* ContentView.swift */ = {isa = PBXFileReference; lastKnownFileType = sourcecode.swift; path = ContentView.swift; sourceTree = "<group>"; };
		BFE96F7E29860377003E0934 /* Assets.xcassets */ = {isa = PBXFileReference; lastKnownFileType = folder.assetcatalog; path = Assets.xcassets; sourceTree = "<group>"; };
		BFE96F8129860377003E0934 /* Preview Assets.xcassets */ = {isa = PBXFileReference; lastKnownFileType = folder.assetcatalog; path = "Preview Assets.xcassets"; sourceTree = "<group>"; };
		BFE96F8729860377003E0934 /* DecaffeineTests.xctest */ = {isa = PBXFileReference; explicitFileType = wrapper.cfbundle; includeInIndex = 0; path = DecaffeineTests.xctest; sourceTree = BUILT_PRODUCTS_DIR; };
		BFE96F8B29860377003E0934 /* DecaffeineTests.swift */ = {isa = PBXFileReference; lastKnownFileType = sourcecode.swift; path = DecaffeineTests.swift; sourceTree = "<group>"; };
		BFE96F9129860377003E0934 /* DecaffeineUITests.xctest */ = {isa = PBXFileReference; explicitFileType = wrapper.cfbundle; includeInIndex = 0; path = DecaffeineUITests.xctest; sourceTree = BUILT_PRODUCTS_DIR; };
		BFE96F9529860377003E0934 /* DecaffeineUITests.swift */ = {isa = PBXFileReference; lastKnownFileType = sourcecode.swift; path = DecaffeineUITests.swift; sourceTree = "<group>"; };
		BFE96F9729860377003E0934 /* DecaffeineUITestsLaunchTests.swift */ = {isa = PBXFileReference; lastKnownFileType = sourcecode.swift; path = DecaffeineUITestsLaunchTests.swift; sourceTree = "<group>"; };
		BFE96FA72986047F003E0934 /* HomeView.swift */ = {isa = PBXFileReference; lastKnownFileType = sourcecode.swift; path = HomeView.swift; sourceTree = "<group>"; };
		BFFF9A3E2999B102002D5ACC /* OnBoardingView.swift */ = {isa = PBXFileReference; lastKnownFileType = sourcecode.swift; path = OnBoardingView.swift; sourceTree = "<group>"; };
		BFFF9A442999B126002D5ACC /* ArchiveView.swift */ = {isa = PBXFileReference; lastKnownFileType = sourcecode.swift; path = ArchiveView.swift; sourceTree = "<group>"; };
		BFFF9A482999B144002D5ACC /* SettingView.swift */ = {isa = PBXFileReference; lastKnownFileType = sourcecode.swift; path = SettingView.swift; sourceTree = "<group>"; };
		BFFF9A4A2999B14D002D5ACC /* AnnouncementView.swift */ = {isa = PBXFileReference; lastKnownFileType = sourcecode.swift; path = AnnouncementView.swift; sourceTree = "<group>"; };
		BFFF9A4C2999B18D002D5ACC /* OnBoardingProfileView.swift */ = {isa = PBXFileReference; lastKnownFileType = sourcecode.swift; path = OnBoardingProfileView.swift; sourceTree = "<group>"; };
		BFFF9A52299A4837002D5ACC /* coffee.json */ = {isa = PBXFileReference; fileEncoding = 4; lastKnownFileType = text.json; path = coffee.json; sourceTree = "<group>"; };
		BFFF9A54299A48C9002D5ACC /* LottieView.swift */ = {isa = PBXFileReference; lastKnownFileType = sourcecode.swift; path = LottieView.swift; sourceTree = "<group>"; };
		CECE0D6D299DBCAE00BDC0AB /* BeverageDetailCell.swift */ = {isa = PBXFileReference; lastKnownFileType = sourcecode.swift; path = BeverageDetailCell.swift; sourceTree = "<group>"; };
/* End PBXFileReference section */

/* Begin PBXFrameworksBuildPhase section */
		BFE96F7429860376003E0934 /* Frameworks */ = {
			isa = PBXFrameworksBuildPhase;
			buildActionMask = 2147483647;
			files = (
				BFCED250299D289800E49EB6 /* RealmSwift in Frameworks */,
				BFCED24E299D289800E49EB6 /* Realm in Frameworks */,
				BFFF9A50299A462B002D5ACC /* Lottie in Frameworks */,
				BF2B706F299BDAF3000E1F99 /* SegmentedPicker in Frameworks */,
			);
			runOnlyForDeploymentPostprocessing = 0;
		};
		BFE96F8429860377003E0934 /* Frameworks */ = {
			isa = PBXFrameworksBuildPhase;
			buildActionMask = 2147483647;
			files = (
			);
			runOnlyForDeploymentPostprocessing = 0;
		};
		BFE96F8E29860377003E0934 /* Frameworks */ = {
			isa = PBXFrameworksBuildPhase;
			buildActionMask = 2147483647;
			files = (
			);
			runOnlyForDeploymentPostprocessing = 0;
		};
/* End PBXFrameworksBuildPhase section */

/* Begin PBXGroup section */
		BF70E40329876DA800CE63AD /* Extension */ = {
			isa = PBXGroup;
			children = (
				BFA53D82299A9AD9007D943D /* ImagePicker.swift */,
			);
			path = Extension;
			sourceTree = "<group>";
		};
		BF85419B299FD5EB00AB1ED9 /* New Group */ = {
			isa = PBXGroup;
			children = (
			);
			path = "New Group";
			sourceTree = "<group>";
		};
		BFA53D77299A6087007D943D /* Styles */ = {
			isa = PBXGroup;
			children = (
				BFA53D78299A60A6007D943D /* DisableButtonStyle.swift */,
				BFA53D7A299A640E007D943D /* ActiveButtonStyle.swift */,
				BFCED244299C445700E49EB6 /* SecondayButtonStyle.swift */,
				BFA53D7C299A6EC2007D943D /* CustomTextField.swift */,
				BFA53D7E299A8C31007D943D /* CustomCorner.swift */,
				BF49D202299BAF9C00D88FFC /* ProgressBar.swift */,
			);
			path = Styles;
			sourceTree = "<group>";
		};
		BFCED243299C41C200E49EB6 /* BeverageCreation */ = {
			isa = PBXGroup;
			children = (
				BF854181299F0E7600AB1ED9 /* BeverageAddView.swift */,
				BFCED241299C40EB00E49EB6 /* BeverageCell.swift */,
				BF854199299FD55900AB1ED9 /* BeverageSettingView.swift */,
				CECE0D6D299DBCAE00BDC0AB /* BeverageDetailCell.swift */,
			);
			path = BeverageCreation;
			sourceTree = "<group>";
		};
		BFCED248299D18F200E49EB6 /* Archive */ = {
			isa = PBXGroup;
			children = (
				BFFF9A442999B126002D5ACC /* ArchiveView.swift */,
				0F325B0D299EE214004700EF /* ArchiveListView.swift */,
				BFCED253299D2B1E00E49EB6 /* ArchiveListDetailView.swift */,
			);
			path = Archive;
			sourceTree = "<group>";
		};
		BFCED24B299D1A2B00E49EB6 /* Home */ = {
			isa = PBXGroup;
			children = (
				BFE96FA72986047F003E0934 /* HomeView.swift */,
			);
			path = Home;
			sourceTree = "<group>";
		};
		BFCED251299D2A4B00E49EB6 /* OnBoarding */ = {
			isa = PBXGroup;
			children = (
				BFFF9A3E2999B102002D5ACC /* OnBoardingView.swift */,
				BFFF9A4C2999B18D002D5ACC /* OnBoardingProfileView.swift */,
			);
			path = OnBoarding;
			sourceTree = "<group>";
		};
		BFCED252299D2A5600E49EB6 /* Setting */ = {
			isa = PBXGroup;
			children = (
				BFFF9A482999B144002D5ACC /* SettingView.swift */,
				BF85419B299FD5EB00AB1ED9 /* New Group */,
				BFFF9A4A2999B14D002D5ACC /* AnnouncementView.swift */,
			);
			path = Setting;
			sourceTree = "<group>";
		};
		BFE96F6E29860376003E0934 = {
			isa = PBXGroup;
			children = (
				BFE96F7929860376003E0934 /* Decaffeine */,
				BFE96F8A29860377003E0934 /* DecaffeineTests */,
				BFE96F9429860377003E0934 /* DecaffeineUITests */,
				BFE96F7829860376003E0934 /* Products */,
			);
			sourceTree = "<group>";
		};
		BFE96F7829860376003E0934 /* Products */ = {
			isa = PBXGroup;
			children = (
				BFE96F7729860376003E0934 /* Decaffeine.app */,
				BFE96F8729860377003E0934 /* DecaffeineTests.xctest */,
				BFE96F9129860377003E0934 /* DecaffeineUITests.xctest */,
			);
			name = Products;
			sourceTree = "<group>";
		};
		BFE96F7929860376003E0934 /* Decaffeine */ = {
			isa = PBXGroup;
			children = (
				BFE96F7A29860376003E0934 /* DecaffeineApp.swift */,
				BFE96F7C29860376003E0934 /* ContentView.swift */,
				BFA53D77299A6087007D943D /* Styles */,
				BFFF9A51299A4803002D5ACC /* Lottie */,
				BFE96FA62986043A003E0934 /* Model */,
				BFE96FA529860434003E0934 /* ViewModel */,
				BFE96FA42986042F003E0934 /* View */,
				BF70E40329876DA800CE63AD /* Extension */,
				BFE96F7E29860377003E0934 /* Assets.xcassets */,
				BFE96F8029860377003E0934 /* Preview Content */,
			);
			path = Decaffeine;
			sourceTree = "<group>";
		};
		BFE96F8029860377003E0934 /* Preview Content */ = {
			isa = PBXGroup;
			children = (
				BFE96F8129860377003E0934 /* Preview Assets.xcassets */,
			);
			path = "Preview Content";
			sourceTree = "<group>";
		};
		BFE96F8A29860377003E0934 /* DecaffeineTests */ = {
			isa = PBXGroup;
			children = (
				BFE96F8B29860377003E0934 /* DecaffeineTests.swift */,
			);
			path = DecaffeineTests;
			sourceTree = "<group>";
		};
		BFE96F9429860377003E0934 /* DecaffeineUITests */ = {
			isa = PBXGroup;
			children = (
				BFE96F9529860377003E0934 /* DecaffeineUITests.swift */,
				BFE96F9729860377003E0934 /* DecaffeineUITestsLaunchTests.swift */,
			);
			path = DecaffeineUITests;
			sourceTree = "<group>";
		};
		BFE96FA42986042F003E0934 /* View */ = {
			isa = PBXGroup;
			children = (
				BFCED251299D2A4B00E49EB6 /* OnBoarding */,
				BFCED24B299D1A2B00E49EB6 /* Home */,
				BFCED243299C41C200E49EB6 /* BeverageCreation */,
				BFCED248299D18F200E49EB6 /* Archive */,
				BFCED252299D2A5600E49EB6 /* Setting */,
			);
			path = View;
			sourceTree = "<group>";
		};
		BFE96FA529860434003E0934 /* ViewModel */ = {
			isa = PBXGroup;
			children = (
				BFDB9EB5299EF80A00F2B957 /* BeverageAddViewModel.swift */,
				BFDB9EB7299EFBA100F2B957 /* HomeViewModel.swift */,
				BFA53D80299A99AC007D943D /* ProfileViewModel.swift */,
				BFCED249299D193800E49EB6 /* ArchiveViewModel.swift */,
			);
			path = ViewModel;
			sourceTree = "<group>";
		};
		BFE96FA62986043A003E0934 /* Model */ = {
			isa = PBXGroup;
			children = (
				BFCED246299C55E400E49EB6 /* CoffeeModel.swift */,
				BF854194299FBB7400AB1ED9 /* BeverageModel.swift */,
			);
			path = Model;
			sourceTree = "<group>";
		};
		BFFF9A51299A4803002D5ACC /* Lottie */ = {
			isa = PBXGroup;
			children = (
				BFFF9A52299A4837002D5ACC /* coffee.json */,
				BFFF9A54299A48C9002D5ACC /* LottieView.swift */,
			);
			path = Lottie;
			sourceTree = "<group>";
		};
/* End PBXGroup section */

/* Begin PBXNativeTarget section */
		BFE96F7629860376003E0934 /* Decaffeine */ = {
			isa = PBXNativeTarget;
			buildConfigurationList = BFE96F9B29860377003E0934 /* Build configuration list for PBXNativeTarget "Decaffeine" */;
			buildPhases = (
				BFE96F7329860376003E0934 /* Sources */,
				BFE96F7429860376003E0934 /* Frameworks */,
				BFE96F7529860376003E0934 /* Resources */,
			);
			buildRules = (
			);
			dependencies = (
			);
			name = Decaffeine;
			packageProductDependencies = (
				BFFF9A4F299A462B002D5ACC /* Lottie */,
				BF2B706E299BDAF3000E1F99 /* SegmentedPicker */,
				BFCED24D299D289800E49EB6 /* Realm */,
				BFCED24F299D289800E49EB6 /* RealmSwift */,
			);
			productName = Decaffeine;
			productReference = BFE96F7729860376003E0934 /* Decaffeine.app */;
			productType = "com.apple.product-type.application";
		};
		BFE96F8629860377003E0934 /* DecaffeineTests */ = {
			isa = PBXNativeTarget;
			buildConfigurationList = BFE96F9E29860377003E0934 /* Build configuration list for PBXNativeTarget "DecaffeineTests" */;
			buildPhases = (
				BFE96F8329860377003E0934 /* Sources */,
				BFE96F8429860377003E0934 /* Frameworks */,
				BFE96F8529860377003E0934 /* Resources */,
			);
			buildRules = (
			);
			dependencies = (
				BFE96F8929860377003E0934 /* PBXTargetDependency */,
			);
			name = DecaffeineTests;
			productName = DecaffeineTests;
			productReference = BFE96F8729860377003E0934 /* DecaffeineTests.xctest */;
			productType = "com.apple.product-type.bundle.unit-test";
		};
		BFE96F9029860377003E0934 /* DecaffeineUITests */ = {
			isa = PBXNativeTarget;
			buildConfigurationList = BFE96FA129860377003E0934 /* Build configuration list for PBXNativeTarget "DecaffeineUITests" */;
			buildPhases = (
				BFE96F8D29860377003E0934 /* Sources */,
				BFE96F8E29860377003E0934 /* Frameworks */,
				BFE96F8F29860377003E0934 /* Resources */,
			);
			buildRules = (
			);
			dependencies = (
				BFE96F9329860377003E0934 /* PBXTargetDependency */,
			);
			name = DecaffeineUITests;
			productName = DecaffeineUITests;
			productReference = BFE96F9129860377003E0934 /* DecaffeineUITests.xctest */;
			productType = "com.apple.product-type.bundle.ui-testing";
		};
/* End PBXNativeTarget section */

/* Begin PBXProject section */
		BFE96F6F29860376003E0934 /* Project object */ = {
			isa = PBXProject;
			attributes = {
				BuildIndependentTargetsInParallel = 1;
				LastSwiftUpdateCheck = 1420;
				LastUpgradeCheck = 1420;
				TargetAttributes = {
					BFE96F7629860376003E0934 = {
						CreatedOnToolsVersion = 14.2;
					};
					BFE96F8629860377003E0934 = {
						CreatedOnToolsVersion = 14.2;
						TestTargetID = BFE96F7629860376003E0934;
					};
					BFE96F9029860377003E0934 = {
						CreatedOnToolsVersion = 14.2;
						TestTargetID = BFE96F7629860376003E0934;
					};
				};
			};
			buildConfigurationList = BFE96F7229860376003E0934 /* Build configuration list for PBXProject "Decaffeine" */;
			compatibilityVersion = "Xcode 14.0";
			developmentRegion = en;
			hasScannedForEncodings = 0;
			knownRegions = (
				en,
				Base,
			);
			mainGroup = BFE96F6E29860376003E0934;
			packageReferences = (
				BFFF9A4E299A462B002D5ACC /* XCRemoteSwiftPackageReference "lottie-ios" */,
				BF2B706D299BDAF3000E1F99 /* XCRemoteSwiftPackageReference "SwiftySegmentedPicker" */,
				BFCED24C299D289800E49EB6 /* XCRemoteSwiftPackageReference "realm-swift" */,
			);
			productRefGroup = BFE96F7829860376003E0934 /* Products */;
			projectDirPath = "";
			projectRoot = "";
			targets = (
				BFE96F7629860376003E0934 /* Decaffeine */,
				BFE96F8629860377003E0934 /* DecaffeineTests */,
				BFE96F9029860377003E0934 /* DecaffeineUITests */,
			);
		};
/* End PBXProject section */

/* Begin PBXResourcesBuildPhase section */
		BFE96F7529860376003E0934 /* Resources */ = {
			isa = PBXResourcesBuildPhase;
			buildActionMask = 2147483647;
			files = (
				BFFF9A53299A4837002D5ACC /* coffee.json in Resources */,
				BFE96F8229860377003E0934 /* Preview Assets.xcassets in Resources */,
				BFE96F7F29860377003E0934 /* Assets.xcassets in Resources */,
			);
			runOnlyForDeploymentPostprocessing = 0;
		};
		BFE96F8529860377003E0934 /* Resources */ = {
			isa = PBXResourcesBuildPhase;
			buildActionMask = 2147483647;
			files = (
			);
			runOnlyForDeploymentPostprocessing = 0;
		};
		BFE96F8F29860377003E0934 /* Resources */ = {
			isa = PBXResourcesBuildPhase;
			buildActionMask = 2147483647;
			files = (
			);
			runOnlyForDeploymentPostprocessing = 0;
		};
/* End PBXResourcesBuildPhase section */

/* Begin PBXSourcesBuildPhase section */
		BFE96F7329860376003E0934 /* Sources */ = {
			isa = PBXSourcesBuildPhase;
			buildActionMask = 2147483647;
			files = (
				BFCED242299C40EB00E49EB6 /* BeverageCell.swift in Sources */,
				0F325B0E299EE214004700EF /* ArchiveListView.swift in Sources */,
				BF854195299FBB7400AB1ED9 /* BeverageModel.swift in Sources */,
				BFE96FA82986047F003E0934 /* HomeView.swift in Sources */,
				BFFF9A492999B144002D5ACC /* SettingView.swift in Sources */,
				BFFF9A452999B127002D5ACC /* ArchiveView.swift in Sources */,
				BF85419A299FD55900AB1ED9 /* BeverageSettingView.swift in Sources */,
				BFA53D7F299A8C31007D943D /* CustomCorner.swift in Sources */,
				BFA53D7D299A6EC2007D943D /* CustomTextField.swift in Sources */,
				BFCED254299D2B1E00E49EB6 /* ArchiveListDetailView.swift in Sources */,
				BFDB9EB8299EFBA100F2B957 /* HomeViewModel.swift in Sources */,
				BFCED245299C445700E49EB6 /* SecondayButtonStyle.swift in Sources */,
				BFA53D83299A9AD9007D943D /* ImagePicker.swift in Sources */,
				BFCED247299C55E400E49EB6 /* CoffeeModel.swift in Sources */,
				BF854182299F0E7600AB1ED9 /* BeverageAddView.swift in Sources */,
				BFE96F7D29860376003E0934 /* ContentView.swift in Sources */,
				BFA53D7B299A640E007D943D /* ActiveButtonStyle.swift in Sources */,
				BFA53D79299A60A6007D943D /* DisableButtonStyle.swift in Sources */,
				BFA53D81299A99AC007D943D /* ProfileViewModel.swift in Sources */,
				BFFF9A55299A48C9002D5ACC /* LottieView.swift in Sources */,
				BFFF9A4B2999B14D002D5ACC /* AnnouncementView.swift in Sources */,
				BFFF9A4D2999B18D002D5ACC /* OnBoardingProfileView.swift in Sources */,
				BFFF9A3F2999B102002D5ACC /* OnBoardingView.swift in Sources */,
				BF49D203299BAF9C00D88FFC /* ProgressBar.swift in Sources */,
				BFE96F7B29860376003E0934 /* DecaffeineApp.swift in Sources */,
				BFCED24A299D193800E49EB6 /* ArchiveViewModel.swift in Sources */,
				BFDB9EB6299EF80A00F2B957 /* BeverageAddViewModel.swift in Sources */,
				CECE0D6E299DBCAE00BDC0AB /* BeverageDetailCell.swift in Sources */,
			);
			runOnlyForDeploymentPostprocessing = 0;
		};
		BFE96F8329860377003E0934 /* Sources */ = {
			isa = PBXSourcesBuildPhase;
			buildActionMask = 2147483647;
			files = (
				BFE96F8C29860377003E0934 /* DecaffeineTests.swift in Sources */,
			);
			runOnlyForDeploymentPostprocessing = 0;
		};
		BFE96F8D29860377003E0934 /* Sources */ = {
			isa = PBXSourcesBuildPhase;
			buildActionMask = 2147483647;
			files = (
				BFE96F9829860377003E0934 /* DecaffeineUITestsLaunchTests.swift in Sources */,
				BFE96F9629860377003E0934 /* DecaffeineUITests.swift in Sources */,
			);
			runOnlyForDeploymentPostprocessing = 0;
		};
/* End PBXSourcesBuildPhase section */

/* Begin PBXTargetDependency section */
		BFE96F8929860377003E0934 /* PBXTargetDependency */ = {
			isa = PBXTargetDependency;
			target = BFE96F7629860376003E0934 /* Decaffeine */;
			targetProxy = BFE96F8829860377003E0934 /* PBXContainerItemProxy */;
		};
		BFE96F9329860377003E0934 /* PBXTargetDependency */ = {
			isa = PBXTargetDependency;
			target = BFE96F7629860376003E0934 /* Decaffeine */;
			targetProxy = BFE96F9229860377003E0934 /* PBXContainerItemProxy */;
		};
/* End PBXTargetDependency section */

/* Begin XCBuildConfiguration section */
		BFE96F9929860377003E0934 /* Debug */ = {
			isa = XCBuildConfiguration;
			buildSettings = {
				ALWAYS_SEARCH_USER_PATHS = NO;
				CLANG_ANALYZER_NONNULL = YES;
				CLANG_ANALYZER_NUMBER_OBJECT_CONVERSION = YES_AGGRESSIVE;
				CLANG_CXX_LANGUAGE_STANDARD = "gnu++20";
				CLANG_ENABLE_MODULES = YES;
				CLANG_ENABLE_OBJC_ARC = YES;
				CLANG_ENABLE_OBJC_WEAK = YES;
				CLANG_WARN_BLOCK_CAPTURE_AUTORELEASING = YES;
				CLANG_WARN_BOOL_CONVERSION = YES;
				CLANG_WARN_COMMA = YES;
				CLANG_WARN_CONSTANT_CONVERSION = YES;
				CLANG_WARN_DEPRECATED_OBJC_IMPLEMENTATIONS = YES;
				CLANG_WARN_DIRECT_OBJC_ISA_USAGE = YES_ERROR;
				CLANG_WARN_DOCUMENTATION_COMMENTS = YES;
				CLANG_WARN_EMPTY_BODY = YES;
				CLANG_WARN_ENUM_CONVERSION = YES;
				CLANG_WARN_INFINITE_RECURSION = YES;
				CLANG_WARN_INT_CONVERSION = YES;
				CLANG_WARN_NON_LITERAL_NULL_CONVERSION = YES;
				CLANG_WARN_OBJC_IMPLICIT_RETAIN_SELF = YES;
				CLANG_WARN_OBJC_LITERAL_CONVERSION = YES;
				CLANG_WARN_OBJC_ROOT_CLASS = YES_ERROR;
				CLANG_WARN_QUOTED_INCLUDE_IN_FRAMEWORK_HEADER = YES;
				CLANG_WARN_RANGE_LOOP_ANALYSIS = YES;
				CLANG_WARN_STRICT_PROTOTYPES = YES;
				CLANG_WARN_SUSPICIOUS_MOVE = YES;
				CLANG_WARN_UNGUARDED_AVAILABILITY = YES_AGGRESSIVE;
				CLANG_WARN_UNREACHABLE_CODE = YES;
				CLANG_WARN__DUPLICATE_METHOD_MATCH = YES;
				COPY_PHASE_STRIP = NO;
				DEBUG_INFORMATION_FORMAT = dwarf;
				ENABLE_STRICT_OBJC_MSGSEND = YES;
				ENABLE_TESTABILITY = YES;
				GCC_C_LANGUAGE_STANDARD = gnu11;
				GCC_DYNAMIC_NO_PIC = NO;
				GCC_NO_COMMON_BLOCKS = YES;
				GCC_OPTIMIZATION_LEVEL = 0;
				GCC_PREPROCESSOR_DEFINITIONS = (
					"DEBUG=1",
					"$(inherited)",
				);
				GCC_WARN_64_TO_32_BIT_CONVERSION = YES;
				GCC_WARN_ABOUT_RETURN_TYPE = YES_ERROR;
				GCC_WARN_UNDECLARED_SELECTOR = YES;
				GCC_WARN_UNINITIALIZED_AUTOS = YES_AGGRESSIVE;
				GCC_WARN_UNUSED_FUNCTION = YES;
				GCC_WARN_UNUSED_VARIABLE = YES;
				IPHONEOS_DEPLOYMENT_TARGET = 14.0;
				MTL_ENABLE_DEBUG_INFO = INCLUDE_SOURCE;
				MTL_FAST_MATH = YES;
				ONLY_ACTIVE_ARCH = YES;
				SDKROOT = iphoneos;
				SWIFT_ACTIVE_COMPILATION_CONDITIONS = DEBUG;
				SWIFT_OPTIMIZATION_LEVEL = "-Onone";
			};
			name = Debug;
		};
		BFE96F9A29860377003E0934 /* Release */ = {
			isa = XCBuildConfiguration;
			buildSettings = {
				ALWAYS_SEARCH_USER_PATHS = NO;
				CLANG_ANALYZER_NONNULL = YES;
				CLANG_ANALYZER_NUMBER_OBJECT_CONVERSION = YES_AGGRESSIVE;
				CLANG_CXX_LANGUAGE_STANDARD = "gnu++20";
				CLANG_ENABLE_MODULES = YES;
				CLANG_ENABLE_OBJC_ARC = YES;
				CLANG_ENABLE_OBJC_WEAK = YES;
				CLANG_WARN_BLOCK_CAPTURE_AUTORELEASING = YES;
				CLANG_WARN_BOOL_CONVERSION = YES;
				CLANG_WARN_COMMA = YES;
				CLANG_WARN_CONSTANT_CONVERSION = YES;
				CLANG_WARN_DEPRECATED_OBJC_IMPLEMENTATIONS = YES;
				CLANG_WARN_DIRECT_OBJC_ISA_USAGE = YES_ERROR;
				CLANG_WARN_DOCUMENTATION_COMMENTS = YES;
				CLANG_WARN_EMPTY_BODY = YES;
				CLANG_WARN_ENUM_CONVERSION = YES;
				CLANG_WARN_INFINITE_RECURSION = YES;
				CLANG_WARN_INT_CONVERSION = YES;
				CLANG_WARN_NON_LITERAL_NULL_CONVERSION = YES;
				CLANG_WARN_OBJC_IMPLICIT_RETAIN_SELF = YES;
				CLANG_WARN_OBJC_LITERAL_CONVERSION = YES;
				CLANG_WARN_OBJC_ROOT_CLASS = YES_ERROR;
				CLANG_WARN_QUOTED_INCLUDE_IN_FRAMEWORK_HEADER = YES;
				CLANG_WARN_RANGE_LOOP_ANALYSIS = YES;
				CLANG_WARN_STRICT_PROTOTYPES = YES;
				CLANG_WARN_SUSPICIOUS_MOVE = YES;
				CLANG_WARN_UNGUARDED_AVAILABILITY = YES_AGGRESSIVE;
				CLANG_WARN_UNREACHABLE_CODE = YES;
				CLANG_WARN__DUPLICATE_METHOD_MATCH = YES;
				COPY_PHASE_STRIP = NO;
				DEBUG_INFORMATION_FORMAT = "dwarf-with-dsym";
				ENABLE_NS_ASSERTIONS = NO;
				ENABLE_STRICT_OBJC_MSGSEND = YES;
				GCC_C_LANGUAGE_STANDARD = gnu11;
				GCC_NO_COMMON_BLOCKS = YES;
				GCC_WARN_64_TO_32_BIT_CONVERSION = YES;
				GCC_WARN_ABOUT_RETURN_TYPE = YES_ERROR;
				GCC_WARN_UNDECLARED_SELECTOR = YES;
				GCC_WARN_UNINITIALIZED_AUTOS = YES_AGGRESSIVE;
				GCC_WARN_UNUSED_FUNCTION = YES;
				GCC_WARN_UNUSED_VARIABLE = YES;
				IPHONEOS_DEPLOYMENT_TARGET = 14.0;
				MTL_ENABLE_DEBUG_INFO = NO;
				MTL_FAST_MATH = YES;
				SDKROOT = iphoneos;
				SWIFT_COMPILATION_MODE = wholemodule;
				SWIFT_OPTIMIZATION_LEVEL = "-O";
				VALIDATE_PRODUCT = YES;
			};
			name = Release;
		};
		BFE96F9C29860377003E0934 /* Debug */ = {
			isa = XCBuildConfiguration;
			buildSettings = {
				ASSETCATALOG_COMPILER_APPICON_NAME = AppIcon;
				ASSETCATALOG_COMPILER_GLOBAL_ACCENT_COLOR_NAME = AccentColor;
				CODE_SIGN_STYLE = Automatic;
				CURRENT_PROJECT_VERSION = 1;
				DEVELOPMENT_ASSET_PATHS = "\"Decaffeine/Preview Content\"";
				DEVELOPMENT_TEAM = L8QX5LU28U;
				ENABLE_PREVIEWS = YES;
				GENERATE_INFOPLIST_FILE = YES;
				INFOPLIST_KEY_UIApplicationSceneManifest_Generation = YES;
				INFOPLIST_KEY_UIApplicationSupportsIndirectInputEvents = YES;
				INFOPLIST_KEY_UILaunchScreen_Generation = YES;
				INFOPLIST_KEY_UISupportedInterfaceOrientations_iPad = "UIInterfaceOrientationPortrait UIInterfaceOrientationPortraitUpsideDown UIInterfaceOrientationLandscapeLeft UIInterfaceOrientationLandscapeRight";
				INFOPLIST_KEY_UISupportedInterfaceOrientations_iPhone = "UIInterfaceOrientationPortrait UIInterfaceOrientationLandscapeLeft UIInterfaceOrientationLandscapeRight";
				IPHONEOS_DEPLOYMENT_TARGET = 14.0;
				LD_RUNPATH_SEARCH_PATHS = (
					"$(inherited)",
					"@executable_path/Frameworks",
				);
				MARKETING_VERSION = 1.0;
				PRODUCT_BUNDLE_IDENTIFIER = au.edu.uts.student.Decaffeine;
				PRODUCT_NAME = "$(TARGET_NAME)";
				SUPPORTED_PLATFORMS = "iphoneos iphonesimulator";
				SUPPORTS_MACCATALYST = NO;
				SUPPORTS_MAC_DESIGNED_FOR_IPHONE_IPAD = YES;
				SWIFT_EMIT_LOC_STRINGS = YES;
				SWIFT_VERSION = 5.0;
				TARGETED_DEVICE_FAMILY = 1;
			};
			name = Debug;
		};
		BFE96F9D29860377003E0934 /* Release */ = {
			isa = XCBuildConfiguration;
			buildSettings = {
				ASSETCATALOG_COMPILER_APPICON_NAME = AppIcon;
				ASSETCATALOG_COMPILER_GLOBAL_ACCENT_COLOR_NAME = AccentColor;
				CODE_SIGN_STYLE = Automatic;
				CURRENT_PROJECT_VERSION = 1;
				DEVELOPMENT_ASSET_PATHS = "\"Decaffeine/Preview Content\"";
				DEVELOPMENT_TEAM = L8QX5LU28U;
				ENABLE_PREVIEWS = YES;
				GENERATE_INFOPLIST_FILE = YES;
				INFOPLIST_KEY_UIApplicationSceneManifest_Generation = YES;
				INFOPLIST_KEY_UIApplicationSupportsIndirectInputEvents = YES;
				INFOPLIST_KEY_UILaunchScreen_Generation = YES;
				INFOPLIST_KEY_UISupportedInterfaceOrientations_iPad = "UIInterfaceOrientationPortrait UIInterfaceOrientationPortraitUpsideDown UIInterfaceOrientationLandscapeLeft UIInterfaceOrientationLandscapeRight";
				INFOPLIST_KEY_UISupportedInterfaceOrientations_iPhone = "UIInterfaceOrientationPortrait UIInterfaceOrientationLandscapeLeft UIInterfaceOrientationLandscapeRight";
				IPHONEOS_DEPLOYMENT_TARGET = 14.0;
				LD_RUNPATH_SEARCH_PATHS = (
					"$(inherited)",
					"@executable_path/Frameworks",
				);
				MARKETING_VERSION = 1.0;
				PRODUCT_BUNDLE_IDENTIFIER = au.edu.uts.student.Decaffeine;
				PRODUCT_NAME = "$(TARGET_NAME)";
				SUPPORTED_PLATFORMS = "iphoneos iphonesimulator";
				SUPPORTS_MACCATALYST = NO;
				SUPPORTS_MAC_DESIGNED_FOR_IPHONE_IPAD = YES;
				SWIFT_EMIT_LOC_STRINGS = YES;
				SWIFT_VERSION = 5.0;
				TARGETED_DEVICE_FAMILY = 1;
			};
			name = Release;
		};
		BFE96F9F29860377003E0934 /* Debug */ = {
			isa = XCBuildConfiguration;
			buildSettings = {
				ALWAYS_EMBED_SWIFT_STANDARD_LIBRARIES = YES;
				BUNDLE_LOADER = "$(TEST_HOST)";
				CODE_SIGN_STYLE = Automatic;
				CURRENT_PROJECT_VERSION = 1;
				DEVELOPMENT_TEAM = L8QX5LU28U;
				GENERATE_INFOPLIST_FILE = YES;
				IPHONEOS_DEPLOYMENT_TARGET = 16.2;
				MARKETING_VERSION = 1.0;
				PRODUCT_BUNDLE_IDENTIFIER = au.edu.uts.student.DecaffeineTests;
				PRODUCT_NAME = "$(TARGET_NAME)";
				SWIFT_EMIT_LOC_STRINGS = NO;
				SWIFT_VERSION = 5.0;
				TARGETED_DEVICE_FAMILY = "1,2";
				TEST_HOST = "$(BUILT_PRODUCTS_DIR)/Decaffeine.app/$(BUNDLE_EXECUTABLE_FOLDER_PATH)/Decaffeine";
			};
			name = Debug;
		};
		BFE96FA029860377003E0934 /* Release */ = {
			isa = XCBuildConfiguration;
			buildSettings = {
				ALWAYS_EMBED_SWIFT_STANDARD_LIBRARIES = YES;
				BUNDLE_LOADER = "$(TEST_HOST)";
				CODE_SIGN_STYLE = Automatic;
				CURRENT_PROJECT_VERSION = 1;
				DEVELOPMENT_TEAM = L8QX5LU28U;
				GENERATE_INFOPLIST_FILE = YES;
				IPHONEOS_DEPLOYMENT_TARGET = 16.2;
				MARKETING_VERSION = 1.0;
				PRODUCT_BUNDLE_IDENTIFIER = au.edu.uts.student.DecaffeineTests;
				PRODUCT_NAME = "$(TARGET_NAME)";
				SWIFT_EMIT_LOC_STRINGS = NO;
				SWIFT_VERSION = 5.0;
				TARGETED_DEVICE_FAMILY = "1,2";
				TEST_HOST = "$(BUILT_PRODUCTS_DIR)/Decaffeine.app/$(BUNDLE_EXECUTABLE_FOLDER_PATH)/Decaffeine";
			};
			name = Release;
		};
		BFE96FA229860377003E0934 /* Debug */ = {
			isa = XCBuildConfiguration;
			buildSettings = {
				ALWAYS_EMBED_SWIFT_STANDARD_LIBRARIES = YES;
				CODE_SIGN_STYLE = Automatic;
				CURRENT_PROJECT_VERSION = 1;
				DEVELOPMENT_TEAM = L8QX5LU28U;
				GENERATE_INFOPLIST_FILE = YES;
				MARKETING_VERSION = 1.0;
				PRODUCT_BUNDLE_IDENTIFIER = au.edu.uts.student.DecaffeineUITests;
				PRODUCT_NAME = "$(TARGET_NAME)";
				SWIFT_EMIT_LOC_STRINGS = NO;
				SWIFT_VERSION = 5.0;
				TARGETED_DEVICE_FAMILY = "1,2";
				TEST_TARGET_NAME = Decaffeine;
			};
			name = Debug;
		};
		BFE96FA329860377003E0934 /* Release */ = {
			isa = XCBuildConfiguration;
			buildSettings = {
				ALWAYS_EMBED_SWIFT_STANDARD_LIBRARIES = YES;
				CODE_SIGN_STYLE = Automatic;
				CURRENT_PROJECT_VERSION = 1;
				DEVELOPMENT_TEAM = L8QX5LU28U;
				GENERATE_INFOPLIST_FILE = YES;
				MARKETING_VERSION = 1.0;
				PRODUCT_BUNDLE_IDENTIFIER = au.edu.uts.student.DecaffeineUITests;
				PRODUCT_NAME = "$(TARGET_NAME)";
				SWIFT_EMIT_LOC_STRINGS = NO;
				SWIFT_VERSION = 5.0;
				TARGETED_DEVICE_FAMILY = "1,2";
				TEST_TARGET_NAME = Decaffeine;
			};
			name = Release;
		};
/* End XCBuildConfiguration section */

/* Begin XCConfigurationList section */
		BFE96F7229860376003E0934 /* Build configuration list for PBXProject "Decaffeine" */ = {
			isa = XCConfigurationList;
			buildConfigurations = (
				BFE96F9929860377003E0934 /* Debug */,
				BFE96F9A29860377003E0934 /* Release */,
			);
			defaultConfigurationIsVisible = 0;
			defaultConfigurationName = Release;
		};
		BFE96F9B29860377003E0934 /* Build configuration list for PBXNativeTarget "Decaffeine" */ = {
			isa = XCConfigurationList;
			buildConfigurations = (
				BFE96F9C29860377003E0934 /* Debug */,
				BFE96F9D29860377003E0934 /* Release */,
			);
			defaultConfigurationIsVisible = 0;
			defaultConfigurationName = Release;
		};
		BFE96F9E29860377003E0934 /* Build configuration list for PBXNativeTarget "DecaffeineTests" */ = {
			isa = XCConfigurationList;
			buildConfigurations = (
				BFE96F9F29860377003E0934 /* Debug */,
				BFE96FA029860377003E0934 /* Release */,
			);
			defaultConfigurationIsVisible = 0;
			defaultConfigurationName = Release;
		};
		BFE96FA129860377003E0934 /* Build configuration list for PBXNativeTarget "DecaffeineUITests" */ = {
			isa = XCConfigurationList;
			buildConfigurations = (
				BFE96FA229860377003E0934 /* Debug */,
				BFE96FA329860377003E0934 /* Release */,
			);
			defaultConfigurationIsVisible = 0;
			defaultConfigurationName = Release;
		};
/* End XCConfigurationList section */

/* Begin XCRemoteSwiftPackageReference section */
		BF2B706D299BDAF3000E1F99 /* XCRemoteSwiftPackageReference "SwiftySegmentedPicker" */ = {
			isa = XCRemoteSwiftPackageReference;
			repositoryURL = "https://github.com/KazaiMazai/SwiftySegmentedPicker.git";
			requirement = {
				kind = upToNextMajorVersion;
				minimumVersion = 0.0.2;
			};
		};
		BFCED24C299D289800E49EB6 /* XCRemoteSwiftPackageReference "realm-swift" */ = {
			isa = XCRemoteSwiftPackageReference;
			repositoryURL = "https://github.com/realm/realm-swift.git";
			requirement = {
				branch = master;
				kind = branch;
			};
		};
		BFFF9A4E299A462B002D5ACC /* XCRemoteSwiftPackageReference "lottie-ios" */ = {
			isa = XCRemoteSwiftPackageReference;
			repositoryURL = "https://github.com/airbnb/lottie-ios.git";
			requirement = {
				kind = upToNextMajorVersion;
				minimumVersion = 4.0.0;
			};
		};
/* End XCRemoteSwiftPackageReference section */

/* Begin XCSwiftPackageProductDependency section */
		BF2B706E299BDAF3000E1F99 /* SegmentedPicker */ = {
			isa = XCSwiftPackageProductDependency;
			package = BF2B706D299BDAF3000E1F99 /* XCRemoteSwiftPackageReference "SwiftySegmentedPicker" */;
			productName = SegmentedPicker;
		};
		BFCED24D299D289800E49EB6 /* Realm */ = {
			isa = XCSwiftPackageProductDependency;
			package = BFCED24C299D289800E49EB6 /* XCRemoteSwiftPackageReference "realm-swift" */;
			productName = Realm;
		};
		BFCED24F299D289800E49EB6 /* RealmSwift */ = {
			isa = XCSwiftPackageProductDependency;
			package = BFCED24C299D289800E49EB6 /* XCRemoteSwiftPackageReference "realm-swift" */;
			productName = RealmSwift;
		};
		BFFF9A4F299A462B002D5ACC /* Lottie */ = {
			isa = XCSwiftPackageProductDependency;
			package = BFFF9A4E299A462B002D5ACC /* XCRemoteSwiftPackageReference "lottie-ios" */;
			productName = Lottie;
		};
/* End XCSwiftPackageProductDependency section */
	};
	rootObject = BFE96F6F29860376003E0934 /* Project object */;
}
